{
  "name": "world-cup-scoreboards",
  "version": "1.0.0",
  "lockfileVersion": 1,
  "requires": true,
  "dependencies": {
    "emojilib": {
      "version": "2.2.12",
      "resolved": "https://registry.npmjs.org/emojilib/-/emojilib-2.2.12.tgz",
      "integrity": "sha512-mLNN5AY5Yl1BUeP+r9hFjWvyA1X+QWlS5iQzeVnQoZaklq3IIknm9FwP23QwD7Rg1H3dy35JYQHJyoKNFkxrvg=="
    },
    "moji-translate": {
      "version": "1.0.8",
      "resolved": "https://registry.npmjs.org/moji-translate/-/moji-translate-1.0.8.tgz",
      "integrity": "sha1-OWzOgFHZrCwoqF0wmrm/eZ64QKA=",
      "requires": {
        "emojilib": "^2.0.0"
      }
    },
    "node-fetch": {
      "version": "2.1.2",
      "resolved": "https://registry.npmjs.org/node-fetch/-/node-fetch-2.1.2.tgz",
      "integrity": "sha1-q4hOjn5X44qUR1POxwb3iNF2i7U="
    }
  }
}
